
Microsoft Visual Studio Solution File, Format Version 12.00
# Visual Studio Version 16
VisualStudioVersion = 16.0.30204.135
MinimumVisualStudioVersion = 10.0.40219.1
Project("{FAE04EC0-301F-11D3-BF4B-00C04F79EFBC}") = "WebApp", "WebApp\WebApp.csproj", "{AA09C151-CD10-45B8-BB5E-5B3D9AA7AAA9}"
EndProject
Global
	GlobalSection(SolutionConfigurationPlatforms) = preSolution
		Debug|Any CPU = Debug|Any CPU
		Release|Any CPU = Release|Any CPU
	EndGlobalSection
	GlobalSection(ProjectConfigurationPlatforms) = postSolution
		{AA09C151-CD10-45B8-BB5E-5B3D9AA7AAA9}.Debug|Any CPU.ActiveCfg = Debug|Any CPU
		{AA09C151-CD10-45B8-BB5E-5B3D9AA7AAA9}.Debug|Any CPU.Build.0 = Debug|Any CPU
		{AA09C151-CD10-45B8-BB5E-5B3D9AA7AAA9}.Release|Any CPU.ActiveCfg = Release|Any CPU
		{AA09C151-CD10-45B8-BB5E-5B3D9AA7AAA9}.Release|Any CPU.Build.0 = Release|Any CPU
	EndGlobalSection
	GlobalSection(SolutionProperties) = preSolution
		HideSolutionNode = FALSE
	EndGlobalSection
	GlobalSection(ExtensibilityGlobals) = postSolution
		SolutionGuid = {F08AC51D-19B4-485E-B5BF-60995D980C22}
	EndGlobalSection
EndGlobal
